
Microsoft Visual Studio Solution File, Format Version 12.00
# Visual Studio Version 17
VisualStudioVersion = 17.7.34024.191
MinimumVisualStudioVersion = 10.0.40219.1
Project("{FAE04EC0-301F-11D3-BF4B-00C04F79EFBC}") = "Le Jeu du Pendu", "Le Jeu du Pendu\Le Jeu du Pendu.csproj", "{8B480494-8260-431C-85EB-1D5274701D05}"
EndProject
Global
	GlobalSection(SolutionConfigurationPlatforms) = preSolution
		Debug|Any CPU = Debug|Any CPU
		Release|Any CPU = Release|Any CPU
	EndGlobalSection
	GlobalSection(ProjectConfigurationPlatforms) = postSolution
		{8B480494-8260-431C-85EB-1D5274701D05}.Debug|Any CPU.ActiveCfg = Debug|Any CPU
		{8B480494-8260-431C-85EB-1D5274701D05}.Debug|Any CPU.Build.0 = Debug|Any CPU
		{8B480494-8260-431C-85EB-1D5274701D05}.Release|Any CPU.ActiveCfg = Release|Any CPU
		{8B480494-8260-431C-85EB-1D5274701D05}.Release|Any CPU.Build.0 = Release|Any CPU
	EndGlobalSection
	GlobalSection(SolutionProperties) = preSolution
		HideSolutionNode = FALSE
	EndGlobalSection
	GlobalSection(ExtensibilityGlobals) = postSolution
		SolutionGuid = {21CB227D-8910-4BA1-A55A-2AFC638A0492}
	EndGlobalSection
EndGlobal
